
Microsoft Visual Studio Solution File, Format Version 12.00
# Visual Studio Version 16
VisualStudioVersion = 16.0.30711.63
MinimumVisualStudioVersion = 10.0.40219.1
Project("{2150E333-8FDC-42A3-9474-1A3956D46DE8}") = "src", "src", "{216A5E9A-E200-4DAB-A03B-C02C47A1CBD7}"
EndProject
Project("{2150E333-8FDC-42A3-9474-1A3956D46DE8}") = "BuildingBlocks", "BuildingBlocks", "{1BA33C98-6EFD-4036-ABCE-8CBCBEF0516F}"
EndProject
Project("{2150E333-8FDC-42A3-9474-1A3956D46DE8}") = "Services", "Services", "{313BDA7B-6B31-4710-8C3E-AF653BFAD7A7}"
EndProject
Project("{2150E333-8FDC-42A3-9474-1A3956D46DE8}") = "Web", "Web", "{CB0A4FD9-960F-4AB9-9300-59810BBD0EF0}"
EndProject
Project("{2150E333-8FDC-42A3-9474-1A3956D46DE8}") = "Identidade", "Identidade", "{D09B7A04-E23A-4CB1-9BAA-92C5DF78FE94}"
EndProject
Project("{FAE04EC0-301F-11D3-BF4B-00C04F79EFBC}") = "NSE.Identidade.API", "src\Services\NSE.Identidade.API\NSE.Identidade.API.csproj", "{BF6C20F1-9265-4750-9A30-0651B2DD64D7}"
EndProject
Project("{2150E333-8FDC-42A3-9474-1A3956D46DE8}") = "MVC", "MVC", "{CD0219E6-3AFE-4A3C-A59C-BE790911191E}"
EndProject
Project("{FAE04EC0-301F-11D3-BF4B-00C04F79EFBC}") = "NSE.WebApp.MVC", "src\Web\NSE.WebApp.MVC\NSE.WebApp.MVC.csproj", "{9A0E8946-8BA9-49D8-BEF4-46CF770A702F}"
EndProject
Project("{2150E333-8FDC-42A3-9474-1A3956D46DE8}") = "Core", "Core", "{888551F9-BA1E-4467-9C03-ED43B8D852C2}"
EndProject
Project("{FAE04EC0-301F-11D3-BF4B-00C04F79EFBC}") = "NSE.Core", "src\BuildingBlocks\NSE.Core\NSE.Core.csproj", "{2F963F38-F2F7-49C8-8AC7-0DCEA6B24DE2}"
EndProject
Project("{2150E333-8FDC-42A3-9474-1A3956D46DE8}") = "Carrinho", "Carrinho", "{5947CCD5-1FB8-4D52-BD80-A6B7B1E44892}"
EndProject
Project("{FAE04EC0-301F-11D3-BF4B-00C04F79EFBC}") = "NSE.Carrinho.API", "src\Services\NSE.Carrinho.API\NSE.Carrinho.API.csproj", "{D7A3A8B3-636C-441F-90B2-A33CDB6C1CDF}"
EndProject
Project("{2150E333-8FDC-42A3-9474-1A3956D46DE8}") = "Catalogo", "Catalogo", "{771C5EAB-D637-4A46-A2A4-9520AC880666}"
EndProject
Project("{FAE04EC0-301F-11D3-BF4B-00C04F79EFBC}") = "NSE.Catalogo.API", "src\Services\NSE.Catalogo.API\NSE.Catalogo.API.csproj", "{B7961B59-B54C-42B5-9CC8-EE7AF1677680}"
EndProject
Project("{2150E333-8FDC-42A3-9474-1A3956D46DE8}") = "Cliente", "Cliente", "{E56BF138-5256-44EB-8051-9293C4804F1D}"
EndProject
Project("{FAE04EC0-301F-11D3-BF4B-00C04F79EFBC}") = "NSE.Cliente.API", "src\Services\NSE.Cliente.API\NSE.Cliente.API.csproj", "{D5F2986C-FF4C-4887-B22A-E06C82DBABC0}"
EndProject
Project("{2150E333-8FDC-42A3-9474-1A3956D46DE8}") = "Pagamento", "Pagamento", "{C798DDB9-0CBF-455C-ADBD-0A39FEA17D2F}"
EndProject
Project("{FAE04EC0-301F-11D3-BF4B-00C04F79EFBC}") = "NSE.Pagamento.API", "src\Services\NSE.Pagamento.API\NSE.Pagamento.API.csproj", "{1E3DD340-45FB-41D5-925F-0320FE3416B9}"
EndProject
Project("{2150E333-8FDC-42A3-9474-1A3956D46DE8}") = "Pedido", "Pedido", "{6EF0D822-E2A2-4E82-89DC-04041FE9AB5B}"
EndProject
Project("{FAE04EC0-301F-11D3-BF4B-00C04F79EFBC}") = "NSE.Pedido.API", "src\Services\NSE.Pedido.API\NSE.Pedido.API.csproj", "{1C8F861F-B9F3-431D-82D2-F23A47CB92F2}"
EndProject
Global
	GlobalSection(SolutionConfigurationPlatforms) = preSolution
		Debug|Any CPU = Debug|Any CPU
		Release|Any CPU = Release|Any CPU
	EndGlobalSection
	GlobalSection(ProjectConfigurationPlatforms) = postSolution
		{BF6C20F1-9265-4750-9A30-0651B2DD64D7}.Debug|Any CPU.ActiveCfg = Debug|Any CPU
		{BF6C20F1-9265-4750-9A30-0651B2DD64D7}.Debug|Any CPU.Build.0 = Debug|Any CPU
		{BF6C20F1-9265-4750-9A30-0651B2DD64D7}.Release|Any CPU.ActiveCfg = Release|Any CPU
		{BF6C20F1-9265-4750-9A30-0651B2DD64D7}.Release|Any CPU.Build.0 = Release|Any CPU
		{9A0E8946-8BA9-49D8-BEF4-46CF770A702F}.Debug|Any CPU.ActiveCfg = Debug|Any CPU
		{9A0E8946-8BA9-49D8-BEF4-46CF770A702F}.Debug|Any CPU.Build.0 = Debug|Any CPU
		{9A0E8946-8BA9-49D8-BEF4-46CF770A702F}.Release|Any CPU.ActiveCfg = Release|Any CPU
		{9A0E8946-8BA9-49D8-BEF4-46CF770A702F}.Release|Any CPU.Build.0 = Release|Any CPU
		{2F963F38-F2F7-49C8-8AC7-0DCEA6B24DE2}.Debug|Any CPU.ActiveCfg = Debug|Any CPU
		{2F963F38-F2F7-49C8-8AC7-0DCEA6B24DE2}.Debug|Any CPU.Build.0 = Debug|Any CPU
		{2F963F38-F2F7-49C8-8AC7-0DCEA6B24DE2}.Release|Any CPU.ActiveCfg = Release|Any CPU
		{2F963F38-F2F7-49C8-8AC7-0DCEA6B24DE2}.Release|Any CPU.Build.0 = Release|Any CPU
		{D7A3A8B3-636C-441F-90B2-A33CDB6C1CDF}.Debug|Any CPU.ActiveCfg = Debug|Any CPU
		{D7A3A8B3-636C-441F-90B2-A33CDB6C1CDF}.Debug|Any CPU.Build.0 = Debug|Any CPU
		{D7A3A8B3-636C-441F-90B2-A33CDB6C1CDF}.Release|Any CPU.ActiveCfg = Release|Any CPU
		{D7A3A8B3-636C-441F-90B2-A33CDB6C1CDF}.Release|Any CPU.Build.0 = Release|Any CPU
		{B7961B59-B54C-42B5-9CC8-EE7AF1677680}.Debug|Any CPU.ActiveCfg = Debug|Any CPU
		{B7961B59-B54C-42B5-9CC8-EE7AF1677680}.Debug|Any CPU.Build.0 = Debug|Any CPU
		{B7961B59-B54C-42B5-9CC8-EE7AF1677680}.Release|Any CPU.ActiveCfg = Release|Any CPU
		{B7961B59-B54C-42B5-9CC8-EE7AF1677680}.Release|Any CPU.Build.0 = Release|Any CPU
		{D5F2986C-FF4C-4887-B22A-E06C82DBABC0}.Debug|Any CPU.ActiveCfg = Debug|Any CPU
		{D5F2986C-FF4C-4887-B22A-E06C82DBABC0}.Debug|Any CPU.Build.0 = Debug|Any CPU
		{D5F2986C-FF4C-4887-B22A-E06C82DBABC0}.Release|Any CPU.ActiveCfg = Release|Any CPU
		{D5F2986C-FF4C-4887-B22A-E06C82DBABC0}.Release|Any CPU.Build.0 = Release|Any CPU
		{1E3DD340-45FB-41D5-925F-0320FE3416B9}.Debug|Any CPU.ActiveCfg = Debug|Any CPU
		{1E3DD340-45FB-41D5-925F-0320FE3416B9}.Debug|Any CPU.Build.0 = Debug|Any CPU
		{1E3DD340-45FB-41D5-925F-0320FE3416B9}.Release|Any CPU.ActiveCfg = Release|Any CPU
		{1E3DD340-45FB-41D5-925F-0320FE3416B9}.Release|Any CPU.Build.0 = Release|Any CPU
		{1C8F861F-B9F3-431D-82D2-F23A47CB92F2}.Debug|Any CPU.ActiveCfg = Debug|Any CPU
		{1C8F861F-B9F3-431D-82D2-F23A47CB92F2}.Debug|Any CPU.Build.0 = Debug|Any CPU
		{1C8F861F-B9F3-431D-82D2-F23A47CB92F2}.Release|Any CPU.ActiveCfg = Release|Any CPU
		{1C8F861F-B9F3-431D-82D2-F23A47CB92F2}.Release|Any CPU.Build.0 = Release|Any CPU
	EndGlobalSection
	GlobalSection(SolutionProperties) = preSolution
		HideSolutionNode = FALSE
	EndGlobalSection
	GlobalSection(NestedProjects) = preSolution
		{1BA33C98-6EFD-4036-ABCE-8CBCBEF0516F} = {216A5E9A-E200-4DAB-A03B-C02C47A1CBD7}
		{313BDA7B-6B31-4710-8C3E-AF653BFAD7A7} = {216A5E9A-E200-4DAB-A03B-C02C47A1CBD7}
		{CB0A4FD9-960F-4AB9-9300-59810BBD0EF0} = {216A5E9A-E200-4DAB-A03B-C02C47A1CBD7}
		{D09B7A04-E23A-4CB1-9BAA-92C5DF78FE94} = {313BDA7B-6B31-4710-8C3E-AF653BFAD7A7}
		{BF6C20F1-9265-4750-9A30-0651B2DD64D7} = {D09B7A04-E23A-4CB1-9BAA-92C5DF78FE94}
		{CD0219E6-3AFE-4A3C-A59C-BE790911191E} = {CB0A4FD9-960F-4AB9-9300-59810BBD0EF0}
		{9A0E8946-8BA9-49D8-BEF4-46CF770A702F} = {CD0219E6-3AFE-4A3C-A59C-BE790911191E}
		{888551F9-BA1E-4467-9C03-ED43B8D852C2} = {1BA33C98-6EFD-4036-ABCE-8CBCBEF0516F}
		{2F963F38-F2F7-49C8-8AC7-0DCEA6B24DE2} = {888551F9-BA1E-4467-9C03-ED43B8D852C2}
		{5947CCD5-1FB8-4D52-BD80-A6B7B1E44892} = {313BDA7B-6B31-4710-8C3E-AF653BFAD7A7}
		{D7A3A8B3-636C-441F-90B2-A33CDB6C1CDF} = {5947CCD5-1FB8-4D52-BD80-A6B7B1E44892}
		{771C5EAB-D637-4A46-A2A4-9520AC880666} = {313BDA7B-6B31-4710-8C3E-AF653BFAD7A7}
		{B7961B59-B54C-42B5-9CC8-EE7AF1677680} = {771C5EAB-D637-4A46-A2A4-9520AC880666}
		{E56BF138-5256-44EB-8051-9293C4804F1D} = {313BDA7B-6B31-4710-8C3E-AF653BFAD7A7}
		{D5F2986C-FF4C-4887-B22A-E06C82DBABC0} = {E56BF138-5256-44EB-8051-9293C4804F1D}
		{C798DDB9-0CBF-455C-ADBD-0A39FEA17D2F} = {313BDA7B-6B31-4710-8C3E-AF653BFAD7A7}
		{1E3DD340-45FB-41D5-925F-0320FE3416B9} = {C798DDB9-0CBF-455C-ADBD-0A39FEA17D2F}
		{6EF0D822-E2A2-4E82-89DC-04041FE9AB5B} = {313BDA7B-6B31-4710-8C3E-AF653BFAD7A7}
		{1C8F861F-B9F3-431D-82D2-F23A47CB92F2} = {6EF0D822-E2A2-4E82-89DC-04041FE9AB5B}
	EndGlobalSection
	GlobalSection(ExtensibilityGlobals) = postSolution
		SolutionGuid = {33535276-8290-4EA3-9408-D715691F292E}
	EndGlobalSection
EndGlobal
